// !$*UTF8*$!
{
	archiveVersion = 1;
	classes = {
	};
	objectVersion = 51;
	objects = {

/* Begin PBXBuildFile section */
		141FEB4310117C5B1FAC3C21 /* Pods_SpaceXRocketsTests.framework in Frameworks */ = {isa = PBXBuildFile; fileRef = E3E47EC090A00E01B27FCF8F /* Pods_SpaceXRocketsTests.framework */; };
		2D362A7325BC6425003FB657 /* RocketsListResponse.swift in Sources */ = {isa = PBXBuildFile; fileRef = 2D362A7225BC6425003FB657 /* RocketsListResponse.swift */; };
		2D362A7925BC64FD003FB657 /* RocketResponse.swift in Sources */ = {isa = PBXBuildFile; fileRef = 2D362A7825BC64FD003FB657 /* RocketResponse.swift */; };
		2D362A8025BC758F003FB657 /* RocketsListResponseTests.swift in Sources */ = {isa = PBXBuildFile; fileRef = 2D362A7F25BC758F003FB657 /* RocketsListResponseTests.swift */; };
		2D362A8825BC75B9003FB657 /* OneRocketResponse.json in Resources */ = {isa = PBXBuildFile; fileRef = 2D362A8625BC75B9003FB657 /* OneRocketResponse.json */; };
		2D362A8925BC75B9003FB657 /* RocketsListResponse.json in Resources */ = {isa = PBXBuildFile; fileRef = 2D362A8725BC75B9003FB657 /* RocketsListResponse.json */; };
		2D362A9325BC7616003FB657 /* RocketResponseTests.swift in Sources */ = {isa = PBXBuildFile; fileRef = 2D362A9225BC7616003FB657 /* RocketResponseTests.swift */; };
		2D362A9825BC7E5E003FB657 /* JSONUtils.swift in Sources */ = {isa = PBXBuildFile; fileRef = 2D362A9725BC7E5E003FB657 /* JSONUtils.swift */; };
		2D362A9E25BC80ED003FB657 /* SpaceXError.swift in Sources */ = {isa = PBXBuildFile; fileRef = 2D362A9D25BC80ED003FB657 /* SpaceXError.swift */; };
		2D362AA925BC82F7003FB657 /* DateFormatter+Utils.swift in Sources */ = {isa = PBXBuildFile; fileRef = 2D362AA825BC82F7003FB657 /* DateFormatter+Utils.swift */; };
		2D410CFA25BD816600AF06A1 /* NetworkService.swift in Sources */ = {isa = PBXBuildFile; fileRef = 2D410CF925BD816600AF06A1 /* NetworkService.swift */; };
		2D410D0025BD818A00AF06A1 /* HttpClient.swift in Sources */ = {isa = PBXBuildFile; fileRef = 2D410CFF25BD818A00AF06A1 /* HttpClient.swift */; };
		2D410D0425BD81A300AF06A1 /* RequestRouter.swift in Sources */ = {isa = PBXBuildFile; fileRef = 2D410D0325BD81A300AF06A1 /* RequestRouter.swift */; };
		2D410D0825BD81CA00AF06A1 /* RocketsRouter.swift in Sources */ = {isa = PBXBuildFile; fileRef = 2D410D0725BD81CA00AF06A1 /* RocketsRouter.swift */; };
		2D410D0C25BD81E700AF06A1 /* RocketsService.swift in Sources */ = {isa = PBXBuildFile; fileRef = 2D410D0B25BD81E700AF06A1 /* RocketsService.swift */; };
		2D8F26FA25BD86D400D233B8 /* RocketsServiceTests.swift in Sources */ = {isa = PBXBuildFile; fileRef = 2D8F26F925BD86D400D233B8 /* RocketsServiceTests.swift */; };
		2DFA001A25BC4CFE00D03CC4 /* CoreDataService.swift in Sources */ = {isa = PBXBuildFile; fileRef = 2DFA001925BC4CFE00D03CC4 /* CoreDataService.swift */; };
		2DFAFFDD25BC497F00D03CC4 /* AppDelegate.swift in Sources */ = {isa = PBXBuildFile; fileRef = 2DFAFFDC25BC497F00D03CC4 /* AppDelegate.swift */; };
		2DFAFFDF25BC497F00D03CC4 /* SceneDelegate.swift in Sources */ = {isa = PBXBuildFile; fileRef = 2DFAFFDE25BC497F00D03CC4 /* SceneDelegate.swift */; };
		2DFAFFE725BC497F00D03CC4 /* SpaceXRockets.xcdatamodeld in Sources */ = {isa = PBXBuildFile; fileRef = 2DFAFFE525BC497F00D03CC4 /* SpaceXRockets.xcdatamodeld */; };
		2DFAFFE925BC498000D03CC4 /* Assets.xcassets in Resources */ = {isa = PBXBuildFile; fileRef = 2DFAFFE825BC498000D03CC4 /* Assets.xcassets */; };
		2DFAFFEC25BC498000D03CC4 /* LaunchScreen.storyboard in Resources */ = {isa = PBXBuildFile; fileRef = 2DFAFFEA25BC498000D03CC4 /* LaunchScreen.storyboard */; };
		8CCA59366B1FB73EA146BA3F /* Pods_SpaceXRockets.framework in Frameworks */ = {isa = PBXBuildFile; fileRef = BD7451F42EEAC6C9FCA05086 /* Pods_SpaceXRockets.framework */; };
/* End PBXBuildFile section */

/* Begin PBXContainerItemProxy section */
		2D8F26F025BD869700D233B8 /* PBXContainerItemProxy */ = {
			isa = PBXContainerItemProxy;
			containerPortal = 2DFAFFD125BC497F00D03CC4 /* Project object */;
			proxyType = 1;
			remoteGlobalIDString = 2DFAFFD825BC497F00D03CC4;
			remoteInfo = SpaceXRockets;
		};
		2DFAFFF325BC498100D03CC4 /* PBXContainerItemProxy */ = {
			isa = PBXContainerItemProxy;
			containerPortal = 2DFAFFD125BC497F00D03CC4 /* Project object */;
			proxyType = 1;
			remoteGlobalIDString = 2DFAFFD825BC497F00D03CC4;
			remoteInfo = SpaceXRockets;
		};
/* End PBXContainerItemProxy section */

/* Begin PBXFileReference section */
		0EB1CDACD89974909C1A2A70 /* Pods-SpaceXRockets.release.xcconfig */ = {isa = PBXFileReference; includeInIndex = 1; lastKnownFileType = text.xcconfig; name = "Pods-SpaceXRockets.release.xcconfig"; path = "Target Support Files/Pods-SpaceXRockets/Pods-SpaceXRockets.release.xcconfig"; sourceTree = "<group>"; };
		2D362A7225BC6425003FB657 /* RocketsListResponse.swift */ = {isa = PBXFileReference; lastKnownFileType = sourcecode.swift; path = RocketsListResponse.swift; sourceTree = "<group>"; };
		2D362A7825BC64FD003FB657 /* RocketResponse.swift */ = {isa = PBXFileReference; lastKnownFileType = sourcecode.swift; path = RocketResponse.swift; sourceTree = "<group>"; };
		2D362A7F25BC758F003FB657 /* RocketsListResponseTests.swift */ = {isa = PBXFileReference; lastKnownFileType = sourcecode.swift; path = RocketsListResponseTests.swift; sourceTree = "<group>"; };
		2D362A8625BC75B9003FB657 /* OneRocketResponse.json */ = {isa = PBXFileReference; fileEncoding = 4; lastKnownFileType = text.json; path = OneRocketResponse.json; sourceTree = "<group>"; };
		2D362A8725BC75B9003FB657 /* RocketsListResponse.json */ = {isa = PBXFileReference; fileEncoding = 4; lastKnownFileType = text.json; path = RocketsListResponse.json; sourceTree = "<group>"; };
		2D362A9225BC7616003FB657 /* RocketResponseTests.swift */ = {isa = PBXFileReference; lastKnownFileType = sourcecode.swift; path = RocketResponseTests.swift; sourceTree = "<group>"; };
		2D362A9725BC7E5E003FB657 /* JSONUtils.swift */ = {isa = PBXFileReference; lastKnownFileType = sourcecode.swift; path = JSONUtils.swift; sourceTree = "<group>"; };
		2D362A9D25BC80ED003FB657 /* SpaceXError.swift */ = {isa = PBXFileReference; lastKnownFileType = sourcecode.swift; path = SpaceXError.swift; sourceTree = "<group>"; };
		2D362AA825BC82F7003FB657 /* DateFormatter+Utils.swift */ = {isa = PBXFileReference; lastKnownFileType = sourcecode.swift; path = "DateFormatter+Utils.swift"; sourceTree = "<group>"; };
		2D410CF925BD816600AF06A1 /* NetworkService.swift */ = {isa = PBXFileReference; lastKnownFileType = sourcecode.swift; path = NetworkService.swift; sourceTree = "<group>"; };
		2D410CFF25BD818A00AF06A1 /* HttpClient.swift */ = {isa = PBXFileReference; lastKnownFileType = sourcecode.swift; path = HttpClient.swift; sourceTree = "<group>"; };
		2D410D0325BD81A300AF06A1 /* RequestRouter.swift */ = {isa = PBXFileReference; lastKnownFileType = sourcecode.swift; path = RequestRouter.swift; sourceTree = "<group>"; };
		2D410D0725BD81CA00AF06A1 /* RocketsRouter.swift */ = {isa = PBXFileReference; lastKnownFileType = sourcecode.swift; path = RocketsRouter.swift; sourceTree = "<group>"; };
		2D410D0B25BD81E700AF06A1 /* RocketsService.swift */ = {isa = PBXFileReference; lastKnownFileType = sourcecode.swift; path = RocketsService.swift; sourceTree = "<group>"; };
		2D8F26EB25BD869700D233B8 /* SpaceXRocketsIntegrationTests.xctest */ = {isa = PBXFileReference; explicitFileType = wrapper.cfbundle; includeInIndex = 0; path = SpaceXRocketsIntegrationTests.xctest; sourceTree = BUILT_PRODUCTS_DIR; };
		2D8F26EF25BD869700D233B8 /* Info.plist */ = {isa = PBXFileReference; lastKnownFileType = text.plist.xml; path = Info.plist; sourceTree = "<group>"; };
		2D8F26F925BD86D400D233B8 /* RocketsServiceTests.swift */ = {isa = PBXFileReference; lastKnownFileType = sourcecode.swift; path = RocketsServiceTests.swift; sourceTree = "<group>"; };
		2DFA001925BC4CFE00D03CC4 /* CoreDataService.swift */ = {isa = PBXFileReference; lastKnownFileType = sourcecode.swift; path = CoreDataService.swift; sourceTree = "<group>"; };
		2DFAFFD925BC497F00D03CC4 /* SpaceXRockets.app */ = {isa = PBXFileReference; explicitFileType = wrapper.application; includeInIndex = 0; path = SpaceXRockets.app; sourceTree = BUILT_PRODUCTS_DIR; };
		2DFAFFDC25BC497F00D03CC4 /* AppDelegate.swift */ = {isa = PBXFileReference; lastKnownFileType = sourcecode.swift; path = AppDelegate.swift; sourceTree = "<group>"; };
		2DFAFFDE25BC497F00D03CC4 /* SceneDelegate.swift */ = {isa = PBXFileReference; lastKnownFileType = sourcecode.swift; path = SceneDelegate.swift; sourceTree = "<group>"; };
		2DFAFFE625BC497F00D03CC4 /* SpaceXRockets.xcdatamodel */ = {isa = PBXFileReference; lastKnownFileType = wrapper.xcdatamodel; path = SpaceXRockets.xcdatamodel; sourceTree = "<group>"; };
		2DFAFFE825BC498000D03CC4 /* Assets.xcassets */ = {isa = PBXFileReference; lastKnownFileType = folder.assetcatalog; path = Assets.xcassets; sourceTree = "<group>"; };
		2DFAFFEB25BC498000D03CC4 /* Base */ = {isa = PBXFileReference; lastKnownFileType = file.storyboard; name = Base; path = Base.lproj/LaunchScreen.storyboard; sourceTree = "<group>"; };
		2DFAFFED25BC498000D03CC4 /* Info.plist */ = {isa = PBXFileReference; lastKnownFileType = text.plist.xml; path = Info.plist; sourceTree = "<group>"; };
		2DFAFFF225BC498100D03CC4 /* SpaceXRocketsTests.xctest */ = {isa = PBXFileReference; explicitFileType = wrapper.cfbundle; includeInIndex = 0; path = SpaceXRocketsTests.xctest; sourceTree = BUILT_PRODUCTS_DIR; };
		2DFAFFF825BC498100D03CC4 /* Info.plist */ = {isa = PBXFileReference; lastKnownFileType = text.plist.xml; path = Info.plist; sourceTree = "<group>"; };
		5F7FF8FC6B7D08D948DEDC1F /* Pods-SpaceXRocketsTests.release.xcconfig */ = {isa = PBXFileReference; includeInIndex = 1; lastKnownFileType = text.xcconfig; name = "Pods-SpaceXRocketsTests.release.xcconfig"; path = "Target Support Files/Pods-SpaceXRocketsTests/Pods-SpaceXRocketsTests.release.xcconfig"; sourceTree = "<group>"; };
		79211F4A2662D2AF8269EE30 /* Pods-SpaceXRockets.debug.xcconfig */ = {isa = PBXFileReference; includeInIndex = 1; lastKnownFileType = text.xcconfig; name = "Pods-SpaceXRockets.debug.xcconfig"; path = "Target Support Files/Pods-SpaceXRockets/Pods-SpaceXRockets.debug.xcconfig"; sourceTree = "<group>"; };
		BD7451F42EEAC6C9FCA05086 /* Pods_SpaceXRockets.framework */ = {isa = PBXFileReference; explicitFileType = wrapper.framework; includeInIndex = 0; path = Pods_SpaceXRockets.framework; sourceTree = BUILT_PRODUCTS_DIR; };
		D68C206E0A8A5CBDE8E69086 /* Pods-SpaceXRocketsTests.debug.xcconfig */ = {isa = PBXFileReference; includeInIndex = 1; lastKnownFileType = text.xcconfig; name = "Pods-SpaceXRocketsTests.debug.xcconfig"; path = "Target Support Files/Pods-SpaceXRocketsTests/Pods-SpaceXRocketsTests.debug.xcconfig"; sourceTree = "<group>"; };
		E3E47EC090A00E01B27FCF8F /* Pods_SpaceXRocketsTests.framework */ = {isa = PBXFileReference; explicitFileType = wrapper.framework; includeInIndex = 0; path = Pods_SpaceXRocketsTests.framework; sourceTree = BUILT_PRODUCTS_DIR; };
/* End PBXFileReference section */

/* Begin PBXFrameworksBuildPhase section */
		2D8F26E825BD869700D233B8 /* Frameworks */ = {
			isa = PBXFrameworksBuildPhase;
			buildActionMask = 2147483647;
			files = (
			);
			runOnlyForDeploymentPostprocessing = 0;
		};
		2DFAFFD625BC497F00D03CC4 /* Frameworks */ = {
			isa = PBXFrameworksBuildPhase;
			buildActionMask = 2147483647;
			files = (
				8CCA59366B1FB73EA146BA3F /* Pods_SpaceXRockets.framework in Frameworks */,
			);
			runOnlyForDeploymentPostprocessing = 0;
		};
		2DFAFFEF25BC498100D03CC4 /* Frameworks */ = {
			isa = PBXFrameworksBuildPhase;
			buildActionMask = 2147483647;
			files = (
				141FEB4310117C5B1FAC3C21 /* Pods_SpaceXRocketsTests.framework in Frameworks */,
			);
			runOnlyForDeploymentPostprocessing = 0;
		};
/* End PBXFrameworksBuildPhase section */

/* Begin PBXGroup section */
		2D362A5825BC5329003FB657 /* Resources */ = {
			isa = PBXGroup;
			children = (
				2DFAFFE825BC498000D03CC4 /* Assets.xcassets */,
				2DFAFFEA25BC498000D03CC4 /* LaunchScreen.storyboard */,
				2DFAFFE525BC497F00D03CC4 /* SpaceXRockets.xcdatamodeld */,
			);
			path = Resources;
			sourceTree = "<group>";
		};
		2D362A6F25BC63CD003FB657 /* Services */ = {
			isa = PBXGroup;
			children = (
				2D362A7025BC63DC003FB657 /* Network */,
			);
			path = Services;
			sourceTree = "<group>";
		};
		2D362A7025BC63DC003FB657 /* Network */ = {
			isa = PBXGroup;
			children = (
				2D362A7125BC63FC003FB657 /* Responses */,
				2D410D0725BD81CA00AF06A1 /* RocketsRouter.swift */,
				2D410D0B25BD81E700AF06A1 /* RocketsService.swift */,
			);
			path = Network;
			sourceTree = "<group>";
		};
		2D362A7125BC63FC003FB657 /* Responses */ = {
			isa = PBXGroup;
			children = (
				2D362A7225BC6425003FB657 /* RocketsListResponse.swift */,
				2D362A7825BC64FD003FB657 /* RocketResponse.swift */,
			);
			path = Responses;
			sourceTree = "<group>";
		};
		2D362A7C25BC7569003FB657 /* Services */ = {
			isa = PBXGroup;
			children = (
				2D362A7D25BC756E003FB657 /* Network */,
			);
			path = Services;
			sourceTree = "<group>";
		};
		2D362A7D25BC756E003FB657 /* Network */ = {
			isa = PBXGroup;
			children = (
				2D362A7E25BC7579003FB657 /* Responses */,
			);
			path = Network;
			sourceTree = "<group>";
		};
		2D362A7E25BC7579003FB657 /* Responses */ = {
			isa = PBXGroup;
			children = (
				2D362A7F25BC758F003FB657 /* RocketsListResponseTests.swift */,
				2D362A9225BC7616003FB657 /* RocketResponseTests.swift */,
			);
			path = Responses;
			sourceTree = "<group>";
		};
		2D362A8525BC75B9003FB657 /* Resources */ = {
			isa = PBXGroup;
			children = (
				2D362A8625BC75B9003FB657 /* OneRocketResponse.json */,
				2D362A8725BC75B9003FB657 /* RocketsListResponse.json */,
			);
			path = Resources;
			sourceTree = "<group>";
		};
		2D362A9625BC7E31003FB657 /* Utils */ = {
			isa = PBXGroup;
			children = (
				2D362A9725BC7E5E003FB657 /* JSONUtils.swift */,
			);
			path = Utils;
			sourceTree = "<group>";
		};
		2D362AA725BC82E2003FB657 /* Utils */ = {
			isa = PBXGroup;
			children = (
				2D362AA825BC82F7003FB657 /* DateFormatter+Utils.swift */,
			);
			path = Utils;
			sourceTree = "<group>";
		};
		2D410CF825BD814900AF06A1 /* Network */ = {
			isa = PBXGroup;
			children = (
				2D410CF925BD816600AF06A1 /* NetworkService.swift */,
				2D410CFF25BD818A00AF06A1 /* HttpClient.swift */,
				2D410D0325BD81A300AF06A1 /* RequestRouter.swift */,
			);
			path = Network;
			sourceTree = "<group>";
		};
		2D8F26EC25BD869700D233B8 /* SpaceXRocketsIntegrationTests */ = {
			isa = PBXGroup;
			children = (
				2D8F26F825BD86AA00D233B8 /* Network */,
				2D8F26EF25BD869700D233B8 /* Info.plist */,
			);
			path = SpaceXRocketsIntegrationTests;
			sourceTree = "<group>";
		};
		2D8F26F825BD86AA00D233B8 /* Network */ = {
			isa = PBXGroup;
			children = (
				2D8F26F925BD86D400D233B8 /* RocketsServiceTests.swift */,
			);
			path = Network;
			sourceTree = "<group>";
		};
		2D8F271025BD8E2400D233B8 /* Models */ = {
			isa = PBXGroup;
			children = (
				2D362A9D25BC80ED003FB657 /* SpaceXError.swift */,
			);
			path = Models;
			sourceTree = "<group>";
		};
		2DFA001D25BC4D9F00D03CC4 /* Core */ = {
			isa = PBXGroup;
			children = (
				2D8F271025BD8E2400D233B8 /* Models */,
				2D410CF825BD814900AF06A1 /* Network */,
				2D362AA725BC82E2003FB657 /* Utils */,
				2DFA001E25BC4DA900D03CC4 /* DataStorage */,
			);
			path = Core;
			sourceTree = "<group>";
		};
		2DFA001E25BC4DA900D03CC4 /* DataStorage */ = {
			isa = PBXGroup;
			children = (
				2DFA001925BC4CFE00D03CC4 /* CoreDataService.swift */,
			);
			path = DataStorage;
			sourceTree = "<group>";
		};
		2DFAFFD025BC497F00D03CC4 = {
			isa = PBXGroup;
			children = (
				2DFAFFDB25BC497F00D03CC4 /* SpaceXRockets */,
				2DFAFFF525BC498100D03CC4 /* SpaceXRocketsTests */,
				2D8F26EC25BD869700D233B8 /* SpaceXRocketsIntegrationTests */,
				2DFAFFDA25BC497F00D03CC4 /* Products */,
				883E5AA6AD8CF30DB05DF7E4 /* Pods */,
				76AF383571B628C81FFA54E9 /* Frameworks */,
			);
			sourceTree = "<group>";
		};
		2DFAFFDA25BC497F00D03CC4 /* Products */ = {
			isa = PBXGroup;
			children = (
				2DFAFFD925BC497F00D03CC4 /* SpaceXRockets.app */,
				2DFAFFF225BC498100D03CC4 /* SpaceXRocketsTests.xctest */,
				2D8F26EB25BD869700D233B8 /* SpaceXRocketsIntegrationTests.xctest */,
			);
			name = Products;
			sourceTree = "<group>";
		};
		2DFAFFDB25BC497F00D03CC4 /* SpaceXRockets */ = {
			isa = PBXGroup;
			children = (
				2D362A6F25BC63CD003FB657 /* Services */,
				2DFA001D25BC4D9F00D03CC4 /* Core */,
				2D362A5825BC5329003FB657 /* Resources */,
				2DFAFFDC25BC497F00D03CC4 /* AppDelegate.swift */,
				2DFAFFDE25BC497F00D03CC4 /* SceneDelegate.swift */,
				2DFAFFED25BC498000D03CC4 /* Info.plist */,
			);
			path = SpaceXRockets;
			sourceTree = "<group>";
		};
		2DFAFFF525BC498100D03CC4 /* SpaceXRocketsTests */ = {
			isa = PBXGroup;
			children = (
				2D362A9625BC7E31003FB657 /* Utils */,
				2D362A7C25BC7569003FB657 /* Services */,
				2D362A8525BC75B9003FB657 /* Resources */,
				2DFAFFF825BC498100D03CC4 /* Info.plist */,
			);
			path = SpaceXRocketsTests;
			sourceTree = "<group>";
		};
		76AF383571B628C81FFA54E9 /* Frameworks */ = {
			isa = PBXGroup;
			children = (
				BD7451F42EEAC6C9FCA05086 /* Pods_SpaceXRockets.framework */,
				E3E47EC090A00E01B27FCF8F /* Pods_SpaceXRocketsTests.framework */,
			);
			name = Frameworks;
			sourceTree = "<group>";
		};
		883E5AA6AD8CF30DB05DF7E4 /* Pods */ = {
			isa = PBXGroup;
			children = (
				79211F4A2662D2AF8269EE30 /* Pods-SpaceXRockets.debug.xcconfig */,
				0EB1CDACD89974909C1A2A70 /* Pods-SpaceXRockets.release.xcconfig */,
				D68C206E0A8A5CBDE8E69086 /* Pods-SpaceXRocketsTests.debug.xcconfig */,
				5F7FF8FC6B7D08D948DEDC1F /* Pods-SpaceXRocketsTests.release.xcconfig */,
			);
			path = Pods;
			sourceTree = "<group>";
		};
/* End PBXGroup section */

/* Begin PBXNativeTarget section */
		2D8F26EA25BD869700D233B8 /* SpaceXRocketsIntegrationTests */ = {
			isa = PBXNativeTarget;
			buildConfigurationList = 2D8F26F425BD869700D233B8 /* Build configuration list for PBXNativeTarget "SpaceXRocketsIntegrationTests" */;
			buildPhases = (
				2D8F26E725BD869700D233B8 /* Sources */,
				2D8F26E825BD869700D233B8 /* Frameworks */,
				2D8F26E925BD869700D233B8 /* Resources */,
			);
			buildRules = (
			);
			dependencies = (
				2D8F26F125BD869700D233B8 /* PBXTargetDependency */,
			);
			name = SpaceXRocketsIntegrationTests;
			productName = SpaceXRocketsIntegrationTests;
			productReference = 2D8F26EB25BD869700D233B8 /* SpaceXRocketsIntegrationTests.xctest */;
			productType = "com.apple.product-type.bundle.unit-test";
		};
		2DFAFFD825BC497F00D03CC4 /* SpaceXRockets */ = {
			isa = PBXNativeTarget;
			buildConfigurationList = 2DFA000625BC498100D03CC4 /* Build configuration list for PBXNativeTarget "SpaceXRockets" */;
			buildPhases = (
				E8028DA465D230E3578AA451 /* [CP] Check Pods Manifest.lock */,
				2DFAFFD525BC497F00D03CC4 /* Sources */,
				2DFAFFD625BC497F00D03CC4 /* Frameworks */,
				2DFAFFD725BC497F00D03CC4 /* Resources */,
				A1DCF35DB1405765B844572A /* [CP] Embed Pods Frameworks */,
			);
			buildRules = (
			);
			dependencies = (
			);
			name = SpaceXRockets;
			productName = SpaceXRockets;
			productReference = 2DFAFFD925BC497F00D03CC4 /* SpaceXRockets.app */;
			productType = "com.apple.product-type.application";
		};
		2DFAFFF125BC498100D03CC4 /* SpaceXRocketsTests */ = {
			isa = PBXNativeTarget;
			buildConfigurationList = 2DFA000925BC498100D03CC4 /* Build configuration list for PBXNativeTarget "SpaceXRocketsTests" */;
			buildPhases = (
				C3842A3AD285DB99E4CFD67E /* [CP] Check Pods Manifest.lock */,
				2DFAFFEE25BC498100D03CC4 /* Sources */,
				2DFAFFEF25BC498100D03CC4 /* Frameworks */,
				2DFAFFF025BC498100D03CC4 /* Resources */,
			);
			buildRules = (
			);
			dependencies = (
				2DFAFFF425BC498100D03CC4 /* PBXTargetDependency */,
			);
			name = SpaceXRocketsTests;
			productName = SpaceXRocketsTests;
			productReference = 2DFAFFF225BC498100D03CC4 /* SpaceXRocketsTests.xctest */;
			productType = "com.apple.product-type.bundle.unit-test";
		};
/* End PBXNativeTarget section */

/* Begin PBXProject section */
		2DFAFFD125BC497F00D03CC4 /* Project object */ = {
			isa = PBXProject;
			attributes = {
				LastSwiftUpdateCheck = 1230;
				LastUpgradeCheck = 1230;
				TargetAttributes = {
					2D8F26EA25BD869700D233B8 = {
						CreatedOnToolsVersion = 12.3;
						TestTargetID = 2DFAFFD825BC497F00D03CC4;
					};
					2DFAFFD825BC497F00D03CC4 = {
						CreatedOnToolsVersion = 12.3;
					};
					2DFAFFF125BC498100D03CC4 = {
						CreatedOnToolsVersion = 12.3;
						TestTargetID = 2DFAFFD825BC497F00D03CC4;
					};
				};
			};
			buildConfigurationList = 2DFAFFD425BC497F00D03CC4 /* Build configuration list for PBXProject "SpaceXRockets" */;
			compatibilityVersion = "Xcode 9.3";
			developmentRegion = en;
			hasScannedForEncodings = 0;
			knownRegions = (
				en,
				Base,
			);
			mainGroup = 2DFAFFD025BC497F00D03CC4;
			productRefGroup = 2DFAFFDA25BC497F00D03CC4 /* Products */;
			projectDirPath = "";
			projectRoot = "";
			targets = (
				2DFAFFD825BC497F00D03CC4 /* SpaceXRockets */,
				2DFAFFF125BC498100D03CC4 /* SpaceXRocketsTests */,
				2D8F26EA25BD869700D233B8 /* SpaceXRocketsIntegrationTests */,
			);
		};
/* End PBXProject section */

/* Begin PBXResourcesBuildPhase section */
		2D8F26E925BD869700D233B8 /* Resources */ = {
			isa = PBXResourcesBuildPhase;
			buildActionMask = 2147483647;
			files = (
			);
			runOnlyForDeploymentPostprocessing = 0;
		};
		2DFAFFD725BC497F00D03CC4 /* Resources */ = {
			isa = PBXResourcesBuildPhase;
			buildActionMask = 2147483647;
			files = (
				2DFAFFEC25BC498000D03CC4 /* LaunchScreen.storyboard in Resources */,
				2DFAFFE925BC498000D03CC4 /* Assets.xcassets in Resources */,
			);
			runOnlyForDeploymentPostprocessing = 0;
		};
		2DFAFFF025BC498100D03CC4 /* Resources */ = {
			isa = PBXResourcesBuildPhase;
			buildActionMask = 2147483647;
			files = (
				2D362A8925BC75B9003FB657 /* RocketsListResponse.json in Resources */,
				2D362A8825BC75B9003FB657 /* OneRocketResponse.json in Resources */,
			);
			runOnlyForDeploymentPostprocessing = 0;
		};
/* End PBXResourcesBuildPhase section */

/* Begin PBXShellScriptBuildPhase section */
		A1DCF35DB1405765B844572A /* [CP] Embed Pods Frameworks */ = {
			isa = PBXShellScriptBuildPhase;
			buildActionMask = 2147483647;
			files = (
			);
			inputFileListPaths = (
				"${PODS_ROOT}/Target Support Files/Pods-SpaceXRockets/Pods-SpaceXRockets-frameworks-${CONFIGURATION}-input-files.xcfilelist",
			);
			name = "[CP] Embed Pods Frameworks";
			outputFileListPaths = (
				"${PODS_ROOT}/Target Support Files/Pods-SpaceXRockets/Pods-SpaceXRockets-frameworks-${CONFIGURATION}-output-files.xcfilelist",
			);
			runOnlyForDeploymentPostprocessing = 0;
			shellPath = /bin/sh;
			shellScript = "\"${PODS_ROOT}/Target Support Files/Pods-SpaceXRockets/Pods-SpaceXRockets-frameworks.sh\"\n";
			showEnvVarsInLog = 0;
		};
		C3842A3AD285DB99E4CFD67E /* [CP] Check Pods Manifest.lock */ = {
			isa = PBXShellScriptBuildPhase;
			buildActionMask = 2147483647;
			files = (
			);
			inputFileListPaths = (
			);
			inputPaths = (
				"${PODS_PODFILE_DIR_PATH}/Podfile.lock",
				"${PODS_ROOT}/Manifest.lock",
			);
			name = "[CP] Check Pods Manifest.lock";
			outputFileListPaths = (
			);
			outputPaths = (
				"$(DERIVED_FILE_DIR)/Pods-SpaceXRocketsTests-checkManifestLockResult.txt",
			);
			runOnlyForDeploymentPostprocessing = 0;
			shellPath = /bin/sh;
			shellScript = "diff \"${PODS_PODFILE_DIR_PATH}/Podfile.lock\" \"${PODS_ROOT}/Manifest.lock\" > /dev/null\nif [ $? != 0 ] ; then\n    # print error to STDERR\n    echo \"error: The sandbox is not in sync with the Podfile.lock. Run 'pod install' or update your CocoaPods installation.\" >&2\n    exit 1\nfi\n# This output is used by Xcode 'outputs' to avoid re-running this script phase.\necho \"SUCCESS\" > \"${SCRIPT_OUTPUT_FILE_0}\"\n";
			showEnvVarsInLog = 0;
		};
		E8028DA465D230E3578AA451 /* [CP] Check Pods Manifest.lock */ = {
			isa = PBXShellScriptBuildPhase;
			buildActionMask = 2147483647;
			files = (
			);
			inputFileListPaths = (
			);
			inputPaths = (
				"${PODS_PODFILE_DIR_PATH}/Podfile.lock",
				"${PODS_ROOT}/Manifest.lock",
			);
			name = "[CP] Check Pods Manifest.lock";
			outputFileListPaths = (
			);
			outputPaths = (
				"$(DERIVED_FILE_DIR)/Pods-SpaceXRockets-checkManifestLockResult.txt",
			);
			runOnlyForDeploymentPostprocessing = 0;
			shellPath = /bin/sh;
			shellScript = "diff \"${PODS_PODFILE_DIR_PATH}/Podfile.lock\" \"${PODS_ROOT}/Manifest.lock\" > /dev/null\nif [ $? != 0 ] ; then\n    # print error to STDERR\n    echo \"error: The sandbox is not in sync with the Podfile.lock. Run 'pod install' or update your CocoaPods installation.\" >&2\n    exit 1\nfi\n# This output is used by Xcode 'outputs' to avoid re-running this script phase.\necho \"SUCCESS\" > \"${SCRIPT_OUTPUT_FILE_0}\"\n";
			showEnvVarsInLog = 0;
		};
/* End PBXShellScriptBuildPhase section */

/* Begin PBXSourcesBuildPhase section */
		2D8F26E725BD869700D233B8 /* Sources */ = {
			isa = PBXSourcesBuildPhase;
			buildActionMask = 2147483647;
			files = (
				2D8F26FA25BD86D400D233B8 /* RocketsServiceTests.swift in Sources */,
			);
			runOnlyForDeploymentPostprocessing = 0;
		};
		2DFAFFD525BC497F00D03CC4 /* Sources */ = {
			isa = PBXSourcesBuildPhase;
			buildActionMask = 2147483647;
			files = (
				2D410CFA25BD816600AF06A1 /* NetworkService.swift in Sources */,
				2D362A7925BC64FD003FB657 /* RocketResponse.swift in Sources */,
				2D362A7325BC6425003FB657 /* RocketsListResponse.swift in Sources */,
				2D362AA925BC82F7003FB657 /* DateFormatter+Utils.swift in Sources */,
				2D410D0825BD81CA00AF06A1 /* RocketsRouter.swift in Sources */,
				2DFAFFE725BC497F00D03CC4 /* SpaceXRockets.xcdatamodeld in Sources */,
				2D362A9E25BC80ED003FB657 /* SpaceXError.swift in Sources */,
				2D410D0025BD818A00AF06A1 /* HttpClient.swift in Sources */,
				2D410D0425BD81A300AF06A1 /* RequestRouter.swift in Sources */,
				2DFA001A25BC4CFE00D03CC4 /* CoreDataService.swift in Sources */,
				2DFAFFDD25BC497F00D03CC4 /* AppDelegate.swift in Sources */,
				2DFAFFDF25BC497F00D03CC4 /* SceneDelegate.swift in Sources */,
				2D410D0C25BD81E700AF06A1 /* RocketsService.swift in Sources */,
			);
			runOnlyForDeploymentPostprocessing = 0;
		};
		2DFAFFEE25BC498100D03CC4 /* Sources */ = {
			isa = PBXSourcesBuildPhase;
			buildActionMask = 2147483647;
			files = (
				2D362A9325BC7616003FB657 /* RocketResponseTests.swift in Sources */,
				2D362A9825BC7E5E003FB657 /* JSONUtils.swift in Sources */,
				2D362A8025BC758F003FB657 /* RocketsListResponseTests.swift in Sources */,
			);
			runOnlyForDeploymentPostprocessing = 0;
		};
/* End PBXSourcesBuildPhase section */

/* Begin PBXTargetDependency section */
		2D8F26F125BD869700D233B8 /* PBXTargetDependency */ = {
			isa = PBXTargetDependency;
			target = 2DFAFFD825BC497F00D03CC4 /* SpaceXRockets */;
			targetProxy = 2D8F26F025BD869700D233B8 /* PBXContainerItemProxy */;
		};
		2DFAFFF425BC498100D03CC4 /* PBXTargetDependency */ = {
			isa = PBXTargetDependency;
			target = 2DFAFFD825BC497F00D03CC4 /* SpaceXRockets */;
			targetProxy = 2DFAFFF325BC498100D03CC4 /* PBXContainerItemProxy */;
		};
/* End PBXTargetDependency section */

/* Begin PBXVariantGroup section */
		2DFAFFEA25BC498000D03CC4 /* LaunchScreen.storyboard */ = {
			isa = PBXVariantGroup;
			children = (
				2DFAFFEB25BC498000D03CC4 /* Base */,
			);
			name = LaunchScreen.storyboard;
			sourceTree = "<group>";
		};
/* End PBXVariantGroup section */

/* Begin XCBuildConfiguration section */
		2D8F26F225BD869700D233B8 /* Debug */ = {
			isa = XCBuildConfiguration;
			buildSettings = {
				BUNDLE_LOADER = "$(TEST_HOST)";
				CODE_SIGN_STYLE = Automatic;
				DEVELOPMENT_TEAM = J9CZ77Y96U;
				INFOPLIST_FILE = SpaceXRocketsIntegrationTests/Info.plist;
				IPHONEOS_DEPLOYMENT_TARGET = 14.3;
				LD_RUNPATH_SEARCH_PATHS = (
					"$(inherited)",
					"@executable_path/Frameworks",
					"@loader_path/Frameworks",
				);
				PRODUCT_BUNDLE_IDENTIFIER = com.bogaevskyi.SpaceXRocketsIntegrationTests;
				PRODUCT_NAME = "$(TARGET_NAME)";
				SWIFT_VERSION = 5.0;
				TARGETED_DEVICE_FAMILY = "1,2";
				TEST_HOST = "$(BUILT_PRODUCTS_DIR)/SpaceXRockets.app/SpaceXRockets";
			};
			name = Debug;
		};
		2D8F26F325BD869700D233B8 /* Release */ = {
			isa = XCBuildConfiguration;
			buildSettings = {
				BUNDLE_LOADER = "$(TEST_HOST)";
				CODE_SIGN_STYLE = Automatic;
				DEVELOPMENT_TEAM = J9CZ77Y96U;
				INFOPLIST_FILE = SpaceXRocketsIntegrationTests/Info.plist;
				IPHONEOS_DEPLOYMENT_TARGET = 14.3;
				LD_RUNPATH_SEARCH_PATHS = (
					"$(inherited)",
					"@executable_path/Frameworks",
					"@loader_path/Frameworks",
				);
				PRODUCT_BUNDLE_IDENTIFIER = com.bogaevskyi.SpaceXRocketsIntegrationTests;
				PRODUCT_NAME = "$(TARGET_NAME)";
				SWIFT_VERSION = 5.0;
				TARGETED_DEVICE_FAMILY = "1,2";
				TEST_HOST = "$(BUILT_PRODUCTS_DIR)/SpaceXRockets.app/SpaceXRockets";
			};
			name = Release;
		};
		2DFA000425BC498100D03CC4 /* Debug */ = {
			isa = XCBuildConfiguration;
			buildSettings = {
				ALWAYS_SEARCH_USER_PATHS = NO;
				CLANG_ANALYZER_NONNULL = YES;
				CLANG_ANALYZER_NUMBER_OBJECT_CONVERSION = YES_AGGRESSIVE;
				CLANG_CXX_LANGUAGE_STANDARD = "gnu++14";
				CLANG_CXX_LIBRARY = "libc++";
				CLANG_ENABLE_MODULES = YES;
				CLANG_ENABLE_OBJC_ARC = YES;
				CLANG_ENABLE_OBJC_WEAK = YES;
				CLANG_WARN_BLOCK_CAPTURE_AUTORELEASING = YES;
				CLANG_WARN_BOOL_CONVERSION = YES;
				CLANG_WARN_COMMA = YES;
				CLANG_WARN_CONSTANT_CONVERSION = YES;
				CLANG_WARN_DEPRECATED_OBJC_IMPLEMENTATIONS = YES;
				CLANG_WARN_DIRECT_OBJC_ISA_USAGE = YES_ERROR;
				CLANG_WARN_DOCUMENTATION_COMMENTS = YES;
				CLANG_WARN_EMPTY_BODY = YES;
				CLANG_WARN_ENUM_CONVERSION = YES;
				CLANG_WARN_INFINITE_RECURSION = YES;
				CLANG_WARN_INT_CONVERSION = YES;
				CLANG_WARN_NON_LITERAL_NULL_CONVERSION = YES;
				CLANG_WARN_OBJC_IMPLICIT_RETAIN_SELF = YES;
				CLANG_WARN_OBJC_LITERAL_CONVERSION = YES;
				CLANG_WARN_OBJC_ROOT_CLASS = YES_ERROR;
				CLANG_WARN_QUOTED_INCLUDE_IN_FRAMEWORK_HEADER = YES;
				CLANG_WARN_RANGE_LOOP_ANALYSIS = YES;
				CLANG_WARN_STRICT_PROTOTYPES = YES;
				CLANG_WARN_SUSPICIOUS_MOVE = YES;
				CLANG_WARN_UNGUARDED_AVAILABILITY = YES_AGGRESSIVE;
				CLANG_WARN_UNREACHABLE_CODE = YES;
				CLANG_WARN__DUPLICATE_METHOD_MATCH = YES;
				COPY_PHASE_STRIP = NO;
				DEBUG_INFORMATION_FORMAT = dwarf;
				ENABLE_STRICT_OBJC_MSGSEND = YES;
				ENABLE_TESTABILITY = YES;
				GCC_C_LANGUAGE_STANDARD = gnu11;
				GCC_DYNAMIC_NO_PIC = NO;
				GCC_NO_COMMON_BLOCKS = YES;
				GCC_OPTIMIZATION_LEVEL = 0;
				GCC_PREPROCESSOR_DEFINITIONS = (
					"DEBUG=1",
					"$(inherited)",
				);
				GCC_WARN_64_TO_32_BIT_CONVERSION = YES;
				GCC_WARN_ABOUT_RETURN_TYPE = YES_ERROR;
				GCC_WARN_UNDECLARED_SELECTOR = YES;
				GCC_WARN_UNINITIALIZED_AUTOS = YES_AGGRESSIVE;
				GCC_WARN_UNUSED_FUNCTION = YES;
				GCC_WARN_UNUSED_VARIABLE = YES;
				IPHONEOS_DEPLOYMENT_TARGET = 14.2;
				MTL_ENABLE_DEBUG_INFO = INCLUDE_SOURCE;
				MTL_FAST_MATH = YES;
				ONLY_ACTIVE_ARCH = YES;
				SDKROOT = iphoneos;
				SWIFT_ACTIVE_COMPILATION_CONDITIONS = DEBUG;
				SWIFT_OPTIMIZATION_LEVEL = "-Onone";
			};
			name = Debug;
		};
		2DFA000525BC498100D03CC4 /* Release */ = {
			isa = XCBuildConfiguration;
			buildSettings = {
				ALWAYS_SEARCH_USER_PATHS = NO;
				CLANG_ANALYZER_NONNULL = YES;
				CLANG_ANALYZER_NUMBER_OBJECT_CONVERSION = YES_AGGRESSIVE;
				CLANG_CXX_LANGUAGE_STANDARD = "gnu++14";
				CLANG_CXX_LIBRARY = "libc++";
				CLANG_ENABLE_MODULES = YES;
				CLANG_ENABLE_OBJC_ARC = YES;
				CLANG_ENABLE_OBJC_WEAK = YES;
				CLANG_WARN_BLOCK_CAPTURE_AUTORELEASING = YES;
				CLANG_WARN_BOOL_CONVERSION = YES;
				CLANG_WARN_COMMA = YES;
				CLANG_WARN_CONSTANT_CONVERSION = YES;
				CLANG_WARN_DEPRECATED_OBJC_IMPLEMENTATIONS = YES;
				CLANG_WARN_DIRECT_OBJC_ISA_USAGE = YES_ERROR;
				CLANG_WARN_DOCUMENTATION_COMMENTS = YES;
				CLANG_WARN_EMPTY_BODY = YES;
				CLANG_WARN_ENUM_CONVERSION = YES;
				CLANG_WARN_INFINITE_RECURSION = YES;
				CLANG_WARN_INT_CONVERSION = YES;
				CLANG_WARN_NON_LITERAL_NULL_CONVERSION = YES;
				CLANG_WARN_OBJC_IMPLICIT_RETAIN_SELF = YES;
				CLANG_WARN_OBJC_LITERAL_CONVERSION = YES;
				CLANG_WARN_OBJC_ROOT_CLASS = YES_ERROR;
				CLANG_WARN_QUOTED_INCLUDE_IN_FRAMEWORK_HEADER = YES;
				CLANG_WARN_RANGE_LOOP_ANALYSIS = YES;
				CLANG_WARN_STRICT_PROTOTYPES = YES;
				CLANG_WARN_SUSPICIOUS_MOVE = YES;
				CLANG_WARN_UNGUARDED_AVAILABILITY = YES_AGGRESSIVE;
				CLANG_WARN_UNREACHABLE_CODE = YES;
				CLANG_WARN__DUPLICATE_METHOD_MATCH = YES;
				COPY_PHASE_STRIP = NO;
				DEBUG_INFORMATION_FORMAT = "dwarf-with-dsym";
				ENABLE_NS_ASSERTIONS = NO;
				ENABLE_STRICT_OBJC_MSGSEND = YES;
				GCC_C_LANGUAGE_STANDARD = gnu11;
				GCC_NO_COMMON_BLOCKS = YES;
				GCC_WARN_64_TO_32_BIT_CONVERSION = YES;
				GCC_WARN_ABOUT_RETURN_TYPE = YES_ERROR;
				GCC_WARN_UNDECLARED_SELECTOR = YES;
				GCC_WARN_UNINITIALIZED_AUTOS = YES_AGGRESSIVE;
				GCC_WARN_UNUSED_FUNCTION = YES;
				GCC_WARN_UNUSED_VARIABLE = YES;
				IPHONEOS_DEPLOYMENT_TARGET = 14.2;
				MTL_ENABLE_DEBUG_INFO = NO;
				MTL_FAST_MATH = YES;
				SDKROOT = iphoneos;
				SWIFT_COMPILATION_MODE = wholemodule;
				SWIFT_OPTIMIZATION_LEVEL = "-O";
				VALIDATE_PRODUCT = YES;
			};
			name = Release;
		};
		2DFA000725BC498100D03CC4 /* Debug */ = {
			isa = XCBuildConfiguration;
			baseConfigurationReference = 79211F4A2662D2AF8269EE30 /* Pods-SpaceXRockets.debug.xcconfig */;
			buildSettings = {
				ASSETCATALOG_COMPILER_APPICON_NAME = AppIcon;
				ASSETCATALOG_COMPILER_GLOBAL_ACCENT_COLOR_NAME = AccentColor;
				CODE_SIGN_STYLE = Automatic;
				DEVELOPMENT_TEAM = J9CZ77Y96U;
				INFOPLIST_FILE = SpaceXRockets/Info.plist;
				LD_RUNPATH_SEARCH_PATHS = (
					"$(inherited)",
					"@executable_path/Frameworks",
				);
				PRODUCT_BUNDLE_IDENTIFIER = com.bogaevskyi.SpaceXRockets;
				PRODUCT_NAME = "$(TARGET_NAME)";
				SWIFT_VERSION = 5.0;
				TARGETED_DEVICE_FAMILY = 1;
			};
			name = Debug;
		};
		2DFA000825BC498100D03CC4 /* Release */ = {
			isa = XCBuildConfiguration;
			baseConfigurationReference = 0EB1CDACD89974909C1A2A70 /* Pods-SpaceXRockets.release.xcconfig */;
			buildSettings = {
				ASSETCATALOG_COMPILER_APPICON_NAME = AppIcon;
				ASSETCATALOG_COMPILER_GLOBAL_ACCENT_COLOR_NAME = AccentColor;
				CODE_SIGN_STYLE = Automatic;
				DEVELOPMENT_TEAM = J9CZ77Y96U;
				INFOPLIST_FILE = SpaceXRockets/Info.plist;
				LD_RUNPATH_SEARCH_PATHS = (
					"$(inherited)",
					"@executable_path/Frameworks",
				);
				PRODUCT_BUNDLE_IDENTIFIER = com.bogaevskyi.SpaceXRockets;
				PRODUCT_NAME = "$(TARGET_NAME)";
				SWIFT_VERSION = 5.0;
				TARGETED_DEVICE_FAMILY = 1;
			};
			name = Release;
		};
		2DFA000A25BC498100D03CC4 /* Debug */ = {
			isa = XCBuildConfiguration;
			baseConfigurationReference = D68C206E0A8A5CBDE8E69086 /* Pods-SpaceXRocketsTests.debug.xcconfig */;
			buildSettings = {
				ALWAYS_EMBED_SWIFT_STANDARD_LIBRARIES = YES;
				BUNDLE_LOADER = "$(TEST_HOST)";
				CODE_SIGN_STYLE = Automatic;
				DEVELOPMENT_TEAM = J9CZ77Y96U;
				INFOPLIST_FILE = SpaceXRocketsTests/Info.plist;
				IPHONEOS_DEPLOYMENT_TARGET = 14.3;
				LD_RUNPATH_SEARCH_PATHS = (
					"$(inherited)",
					"@executable_path/Frameworks",
					"@loader_path/Frameworks",
				);
				PRODUCT_BUNDLE_IDENTIFIER = com.bogaevskyi.SpaceXRocketsTests;
				PRODUCT_NAME = "$(TARGET_NAME)";
				SWIFT_VERSION = 5.0;
				TARGETED_DEVICE_FAMILY = "1,2";
				TEST_HOST = "$(BUILT_PRODUCTS_DIR)/SpaceXRockets.app/SpaceXRockets";
			};
			name = Debug;
		};
		2DFA000B25BC498100D03CC4 /* Release */ = {
			isa = XCBuildConfiguration;
			baseConfigurationReference = 5F7FF8FC6B7D08D948DEDC1F /* Pods-SpaceXRocketsTests.release.xcconfig */;
			buildSettings = {
				ALWAYS_EMBED_SWIFT_STANDARD_LIBRARIES = YES;
				BUNDLE_LOADER = "$(TEST_HOST)";
				CODE_SIGN_STYLE = Automatic;
				DEVELOPMENT_TEAM = J9CZ77Y96U;
				INFOPLIST_FILE = SpaceXRocketsTests/Info.plist;
				IPHONEOS_DEPLOYMENT_TARGET = 14.3;
				LD_RUNPATH_SEARCH_PATHS = (
					"$(inherited)",
					"@executable_path/Frameworks",
					"@loader_path/Frameworks",
				);
				PRODUCT_BUNDLE_IDENTIFIER = com.bogaevskyi.SpaceXRocketsTests;
				PRODUCT_NAME = "$(TARGET_NAME)";
				SWIFT_VERSION = 5.0;
				TARGETED_DEVICE_FAMILY = "1,2";
				TEST_HOST = "$(BUILT_PRODUCTS_DIR)/SpaceXRockets.app/SpaceXRockets";
			};
			name = Release;
		};
/* End XCBuildConfiguration section */

/* Begin XCConfigurationList section */
		2D8F26F425BD869700D233B8 /* Build configuration list for PBXNativeTarget "SpaceXRocketsIntegrationTests" */ = {
			isa = XCConfigurationList;
			buildConfigurations = (
				2D8F26F225BD869700D233B8 /* Debug */,
				2D8F26F325BD869700D233B8 /* Release */,
			);
			defaultConfigurationIsVisible = 0;
			defaultConfigurationName = Release;
		};
		2DFA000625BC498100D03CC4 /* Build configuration list for PBXNativeTarget "SpaceXRockets" */ = {
			isa = XCConfigurationList;
			buildConfigurations = (
				2DFA000725BC498100D03CC4 /* Debug */,
				2DFA000825BC498100D03CC4 /* Release */,
			);
			defaultConfigurationIsVisible = 0;
			defaultConfigurationName = Release;
		};
		2DFA000925BC498100D03CC4 /* Build configuration list for PBXNativeTarget "SpaceXRocketsTests" */ = {
			isa = XCConfigurationList;
			buildConfigurations = (
				2DFA000A25BC498100D03CC4 /* Debug */,
				2DFA000B25BC498100D03CC4 /* Release */,
			);
			defaultConfigurationIsVisible = 0;
			defaultConfigurationName = Release;
		};
		2DFAFFD425BC497F00D03CC4 /* Build configuration list for PBXProject "SpaceXRockets" */ = {
			isa = XCConfigurationList;
			buildConfigurations = (
				2DFA000425BC498100D03CC4 /* Debug */,
				2DFA000525BC498100D03CC4 /* Release */,
			);
			defaultConfigurationIsVisible = 0;
			defaultConfigurationName = Release;
		};
/* End XCConfigurationList section */

/* Begin XCVersionGroup section */
		2DFAFFE525BC497F00D03CC4 /* SpaceXRockets.xcdatamodeld */ = {
			isa = XCVersionGroup;
			children = (
				2DFAFFE625BC497F00D03CC4 /* SpaceXRockets.xcdatamodel */,
			);
			currentVersion = 2DFAFFE625BC497F00D03CC4 /* SpaceXRockets.xcdatamodel */;
			path = SpaceXRockets.xcdatamodeld;
			sourceTree = "<group>";
			versionGroupType = wrapper.xcdatamodel;
		};
/* End XCVersionGroup section */
	};
	rootObject = 2DFAFFD125BC497F00D03CC4 /* Project object */;
}
